{
    "hash": "0ebfe57262702f104754528c4a926f88",
    "packages": [
        {
            "package": "king23/king23",
            "version": "0.1.0"
        },
        {
            "package": "kingboard/ccpdump",
            "version": "dev-master",
            "source-reference": "055c702049cf1734c9c92cae12109da8ea195dcd",
            "commit-date": "1344025297"
        },
        {
            "package": "pheal/pheal",
            "version": "0.1.2"
        },
        {
            "package": "twig/twig",
            "version": "v1.8.3"
        }
    ],
    "packages-dev": null,
    "aliases": [

    ],
    "minimum-stability": "stable",
    "stability-flags": {
        "kingboard/ccpdump": 20
    }
}
