{
    "hash": "aaf1ef7ae69346f3dbb2e10e506e4d94",
    "packages": [
        {
            "package": "king23/king23",
            "version": "0.1.0"
        },
        {
            "package": "pheal/pheal",
            "version": "0.1.2"
        },
        {
            "package": "twig/twig",
            "version": "v1.8.3"
        }
    ],
    "packages-dev": null,
    "aliases": [

    ],
    "minimum-stability": "dev",
    "stability-flags": [

    ]
}
